
Microsoft Visual Studio Solution File, Format Version 12.00
# Visual Studio Version 18
VisualStudioVersion = 18.6.11828.311 oobstable
MinimumVisualStudioVersion = 10.0.40219.1
Project("{FAE04EC0-301F-11D3-BF4B-00C04F79EFBC}") = "Pacman", "Pacman.csproj", "{97846F41-BD3F-B3A9-52ED-D96ED05390C6}"
EndProject
Global
	GlobalSection(SolutionConfigurationPlatforms) = preSolution
		Debug|ARM64 = Debug|ARM64
		Debug|x64 = Debug|x64
		Debug|x86 = Debug|x86
		Release|ARM64 = Release|ARM64
		Release|x64 = Release|x64
		Release|x86 = Release|x86
	EndGlobalSection
	GlobalSection(ProjectConfigurationPlatforms) = postSolution
		{97846F41-BD3F-B3A9-52ED-D96ED05390C6}.Debug|ARM64.ActiveCfg = Debug|ARM64
		{97846F41-BD3F-B3A9-52ED-D96ED05390C6}.Debug|ARM64.Build.0 = Debug|ARM64
		{97846F41-BD3F-B3A9-52ED-D96ED05390C6}.Debug|x64.ActiveCfg = Debug|x64
		{97846F41-BD3F-B3A9-52ED-D96ED05390C6}.Debug|x64.Build.0 = Debug|x64
		{97846F41-BD3F-B3A9-52ED-D96ED05390C6}.Debug|x86.ActiveCfg = Debug|x86
		{97846F41-BD3F-B3A9-52ED-D96ED05390C6}.Debug|x86.Build.0 = Debug|x86
		{97846F41-BD3F-B3A9-52ED-D96ED05390C6}.Release|ARM64.ActiveCfg = Release|ARM64
		{97846F41-BD3F-B3A9-52ED-D96ED05390C6}.Release|ARM64.Build.0 = Release|ARM64
		{97846F41-BD3F-B3A9-52ED-D96ED05390C6}.Release|x64.ActiveCfg = Release|x64
		{97846F41-BD3F-B3A9-52ED-D96ED05390C6}.Release|x64.Build.0 = Release|x64
		{97846F41-BD3F-B3A9-52ED-D96ED05390C6}.Release|x86.ActiveCfg = Release|x86
		{97846F41-BD3F-B3A9-52ED-D96ED05390C6}.Release|x86.Build.0 = Release|x86
	EndGlobalSection
	GlobalSection(SolutionProperties) = preSolution
		HideSolutionNode = FALSE
	EndGlobalSection
	GlobalSection(ExtensibilityGlobals) = postSolution
		SolutionGuid = {FFC040D7-41AD-4C39-B673-B5FEFF3A75D1}
	EndGlobalSection
EndGlobal
